version: 1.0
shards:
  awscr-s3:
    github: taylorfinnell/awscr-s3
    version: 0.3.1

  awscr-signer:
    github: taylorfinnell/awscr-signer
    version: 0.5.0

  crecto:
    github: crecto/crecto
    version: 0.8.3

  db:
    github: crystal-lang/crystal-db
    version: 0.5.0

  kemal:
    github: kemalcr/kemal
    version: 0.22.0

  kilt:
    github: jeromegn/kilt
    version: 0.4.0

  krout:
    github: faultyserver/krout
    commit: 0031ef83616b6e22e0500625db15d46b581c2cb8

  micrate:
    github: juanedi/micrate
    version: 0.3.0

  pg:
    github: will/crystal-pg
    version: 0.14.1

  radix:
    github: luislavena/radix
    version: 0.3.8

  slang:
    github: jeromegn/slang
    version: 1.7.1

